
Microsoft Visual Studio Solution File, Format Version 12.00
# Visual Studio Version 17
VisualStudioVersion = 17.7.34031.279
MinimumVisualStudioVersion = 10.0.40219.1
Project("{9A19103F-16F7-4668-BE54-9A1E7A4F7556}") = "SpaceSurvivorsDemo", "Demo\SpaceSurvivorsDemo.csproj", "{D97E7DDD-6661-48B7-BA16-BC396E2740A2}"
EndProject
Project("{2150E333-8FDC-42A3-9474-1A3956D46DE8}") = "Solution Items", "Solution Items", "{8DBCD663-5622-487C-9F97-CC4EB26B2C10}"
	ProjectSection(SolutionItems) = preProject
		.editorconfig = .editorconfig
	EndProjectSection
EndProject
Global
	GlobalSection(SolutionConfigurationPlatforms) = preSolution
		Debug|Any CPU = Debug|Any CPU
		Release|Any CPU = Release|Any CPU
	EndGlobalSection
	GlobalSection(ProjectConfigurationPlatforms) = postSolution
		{D97E7DDD-6661-48B7-BA16-BC396E2740A2}.Debug|Any CPU.ActiveCfg = Debug|Any CPU
		{D97E7DDD-6661-48B7-BA16-BC396E2740A2}.Debug|Any CPU.Build.0 = Debug|Any CPU
		{D97E7DDD-6661-48B7-BA16-BC396E2740A2}.Release|Any CPU.ActiveCfg = Release|Any CPU
		{D97E7DDD-6661-48B7-BA16-BC396E2740A2}.Release|Any CPU.Build.0 = Release|Any CPU
	EndGlobalSection
	GlobalSection(SolutionProperties) = preSolution
		HideSolutionNode = FALSE
	EndGlobalSection
	GlobalSection(ExtensibilityGlobals) = postSolution
		SolutionGuid = {14C6F24D-1492-4538-8E40-33FA0D8F4FEF}
	EndGlobalSection
EndGlobal
